// !$*UTF8*$!
{
	archiveVersion = 1;
	classes = {
	};
	objectVersion = 77;
	objects = {

/* Begin PBXBuildFile section */
		9F619C152DD4E7E000D068BD /* Share.appex in Embed Foundation Extensions */ = {isa = PBXBuildFile; fileRef = 9F619C0B2DD4E7E000D068BD /* Share.appex */; settings = {ATTRIBUTES = (RemoveHeadersOnCopy, ); }; };
/* End PBXBuildFile section */

/* Begin PBXContainerItemProxy section */
		9F619C132DD4E7E000D068BD /* PBXContainerItemProxy */ = {
			isa = PBXContainerItemProxy;
			containerPortal = 9F63BE012DC2785800A09138 /* Project object */;
			proxyType = 1;
			remoteGlobalIDString = 9F619C0A2DD4E7E000D068BD;
			remoteInfo = Share;
		};
/* End PBXContainerItemProxy section */

/* Begin PBXCopyFilesBuildPhase section */
		9F619C162DD4E7E000D068BD /* Embed Foundation Extensions */ = {
			isa = PBXCopyFilesBuildPhase;
			buildActionMask = 8;
			dstPath = "";
			dstSubfolderSpec = 13;
			files = (
				9F619C152DD4E7E000D068BD /* Share.appex in Embed Foundation Extensions */,
			);
			name = "Embed Foundation Extensions";
			runOnlyForDeploymentPostprocessing = 1;
		};
/* End PBXCopyFilesBuildPhase section */

/* Begin PBXFileReference section */
		9F619C0B2DD4E7E000D068BD /* Share.appex */ = {isa = PBXFileReference; explicitFileType = "wrapper.app-extension"; includeInIndex = 0; path = Share.appex; sourceTree = BUILT_PRODUCTS_DIR; };
		9F63BE092DC2785800A09138 /* SaveInfo.app */ = {isa = PBXFileReference; explicitFileType = wrapper.application; includeInIndex = 0; path = SaveInfo.app; sourceTree = BUILT_PRODUCTS_DIR; };
/* End PBXFileReference section */

/* Begin PBXFileSystemSynchronizedBuildFileExceptionSet section */
		9F619C192DD4E7E000D068BD /* Exceptions for "Share" folder in "Share" target */ = {
			isa = PBXFileSystemSynchronizedBuildFileExceptionSet;
			membershipExceptions = (
				Info.plist,
			);
			target = 9F619C0A2DD4E7E000D068BD /* Share */;
		};
		9F619C452DD5490200D068BD /* Exceptions for "Models" folder in "SaveInfo" target */ = {
			isa = PBXFileSystemSynchronizedBuildFileExceptionSet;
			membershipExceptions = (
				Category.swift,
				InfoObject.swift,
				InfoType.swift,
				SampleObjects.swift,
				UserDataManager.swift,
			);
			target = 9F63BE082DC2785800A09138 /* SaveInfo */;
		};
		9F619C462DD5490200D068BD /* Exceptions for "Views" folder in "SaveInfo" target */ = {
			isa = PBXFileSystemSynchronizedBuildFileExceptionSet;
			membershipExceptions = (
				DashboardView/DashboardView.swift,
				DashboardView/InfoObjectsGridView.swift,
				DashboardView/InfoObjectsGridView/InfoObjectCardView/InfoObjectCardView.swift,
				DashboardView/InfoObjectsGridView/InfoObjectCardView/TagsView.swift,
				DashboardView/ResizableHeaderScrollView.swift,
				DashboardView/Search/CategoriesFilterView.swift,
				DashboardView/Search/ObjectTypeSegmentedControlView.swift,
				DetailedItemView.swift,
				Favorites.swift,
				Onboarding/OnboardingView.swift,
			);
			target = 9F63BE082DC2785800A09138 /* SaveInfo */;
		};
		9F619C482DD5494B00D068BD /* Exceptions for "Models" folder in "Share" target */ = {
			isa = PBXFileSystemSynchronizedBuildFileExceptionSet;
			membershipExceptions = (
				Category.swift,
				InfoObject.swift,
				InfoType.swift,
				SampleObjects.swift,
				UserDataManager.swift,
			);
			target = 9F619C0A2DD4E7E000D068BD /* Share */;
		};
		9F619C4D2DD5496F00D068BD /* Exceptions for "ViewModels" folder in "Share" target */ = {
			isa = PBXFileSystemSynchronizedBuildFileExceptionSet;
			membershipExceptions = (
				InfoObjectCardViewModel.swift,
			);
			target = 9F619C0A2DD4E7E000D068BD /* Share */;
		};
		9F619C4F2DD5497800D068BD /* Exceptions for "Views" folder in "Share" target */ = {
			isa = PBXFileSystemSynchronizedBuildFileExceptionSet;
			membershipExceptions = (
				DashboardView/InfoObjectsGridView/InfoObjectCardView/InfoObjectCardView.swift,
				DashboardView/InfoObjectsGridView/InfoObjectCardView/TagsView.swift,
				DashboardView/Search/CategoriesFilterView.swift,
				DetailedItemView.swift,
			);
			target = 9F619C0A2DD4E7E000D068BD /* Share */;
		};
		9F619C592DDABC9500D068BD /* Exceptions for "Services" folder in "SaveInfo" target */ = {
			isa = PBXFileSystemSynchronizedBuildFileExceptionSet;
			membershipExceptions = (
				LinkPreviewLoader.swift,
			);
			target = 9F63BE082DC2785800A09138 /* SaveInfo */;
		};
		9F619C5A2DDABC9500D068BD /* Exceptions for "Services" folder in "Share" target */ = {
			isa = PBXFileSystemSynchronizedBuildFileExceptionSet;
			membershipExceptions = (
				LinkPreviewLoader.swift,
			);
			target = 9F619C0A2DD4E7E000D068BD /* Share */;
		};
		9FF1A5DF2DE9E312005A6C3A /* Exceptions for "SaveInfo" folder in "Share" target */ = {
			isa = PBXFileSystemSynchronizedBuildFileExceptionSet;
			membershipExceptions = (
				Helpers/RoundedSpecificCorners.swift,
				Helpers/SheetHelper.swift,
				Views/AddItemView.swift,
				Views/AddOrEditView.swift,
				Views/ColorCheckView.swift,
			);
			target = 9F619C0A2DD4E7E000D068BD /* Share */;
		};
/* End PBXFileSystemSynchronizedBuildFileExceptionSet section */

/* Begin PBXFileSystemSynchronizedRootGroup section */
		9F619C0C2DD4E7E000D068BD /* Share */ = {
			isa = PBXFileSystemSynchronizedRootGroup;
			exceptions = (
				9F619C192DD4E7E000D068BD /* Exceptions for "Share" folder in "Share" target */,
			);
			path = Share;
			sourceTree = "<group>";
		};
		9F619C212DD5490200D068BD /* Models */ = {
			isa = PBXFileSystemSynchronizedRootGroup;
			exceptions = (
				9F619C452DD5490200D068BD /* Exceptions for "Models" folder in "SaveInfo" target */,
				9F619C482DD5494B00D068BD /* Exceptions for "Models" folder in "Share" target */,
			);
			path = Models;
			sourceTree = "<group>";
		};
		9F619C232DD5490200D068BD /* ViewModels */ = {
			isa = PBXFileSystemSynchronizedRootGroup;
			exceptions = (
				9F619C4D2DD5496F00D068BD /* Exceptions for "ViewModels" folder in "Share" target */,
			);
			path = ViewModels;
			sourceTree = "<group>";
		};
		9F619C342DD5490200D068BD /* Views */ = {
			isa = PBXFileSystemSynchronizedRootGroup;
			exceptions = (
				9F619C462DD5490200D068BD /* Exceptions for "Views" folder in "SaveInfo" target */,
				9F619C4F2DD5497800D068BD /* Exceptions for "Views" folder in "Share" target */,
			);
			path = Views;
			sourceTree = "<group>";
		};
		9F619C582DDABC8A00D068BD /* Services */ = {
			isa = PBXFileSystemSynchronizedRootGroup;
			exceptions = (
				9F619C592DDABC9500D068BD /* Exceptions for "Services" folder in "SaveInfo" target */,
				9F619C5A2DDABC9500D068BD /* Exceptions for "Services" folder in "Share" target */,
			);
			path = Services;
			sourceTree = "<group>";
		};
		9F63BE0B2DC2785800A09138 /* SaveInfo */ = {
			isa = PBXFileSystemSynchronizedRootGroup;
			exceptions = (
				9FF1A5DF2DE9E312005A6C3A /* Exceptions for "SaveInfo" folder in "Share" target */,
			);
			path = SaveInfo;
			sourceTree = "<group>";
		};
/* End PBXFileSystemSynchronizedRootGroup section */

/* Begin PBXFrameworksBuildPhase section */
		9F619C082DD4E7E000D068BD /* Frameworks */ = {
			isa = PBXFrameworksBuildPhase;
			buildActionMask = 2147483647;
			files = (
			);
			runOnlyForDeploymentPostprocessing = 0;
		};
		9F63BE062DC2785800A09138 /* Frameworks */ = {
			isa = PBXFrameworksBuildPhase;
			buildActionMask = 2147483647;
			files = (
			);
			runOnlyForDeploymentPostprocessing = 0;
		};
/* End PBXFrameworksBuildPhase section */

/* Begin PBXGroup section */
		9F619C1C2DD5481D00D068BD /* Shared */ = {
			isa = PBXGroup;
			children = (
				9F619C582DDABC8A00D068BD /* Services */,
				9F619C212DD5490200D068BD /* Models */,
				9F619C232DD5490200D068BD /* ViewModels */,
				9F619C342DD5490200D068BD /* Views */,
			);
			path = Shared;
			sourceTree = "<group>";
		};
		9F63BE002DC2785800A09138 = {
			isa = PBXGroup;
			children = (
				9F619C1C2DD5481D00D068BD /* Shared */,
				9F63BE0B2DC2785800A09138 /* SaveInfo */,
				9F619C0C2DD4E7E000D068BD /* Share */,
				9F63BE0A2DC2785800A09138 /* Products */,
			);
			sourceTree = "<group>";
		};
		9F63BE0A2DC2785800A09138 /* Products */ = {
			isa = PBXGroup;
			children = (
				9F63BE092DC2785800A09138 /* SaveInfo.app */,
				9F619C0B2DD4E7E000D068BD /* Share.appex */,
			);
			name = Products;
			sourceTree = "<group>";
		};
/* End PBXGroup section */

/* Begin PBXNativeTarget section */
		9F619C0A2DD4E7E000D068BD /* Share */ = {
			isa = PBXNativeTarget;
			buildConfigurationList = 9F619C1A2DD4E7E000D068BD /* Build configuration list for PBXNativeTarget "Share" */;
			buildPhases = (
				9F619C072DD4E7E000D068BD /* Sources */,
				9F619C082DD4E7E000D068BD /* Frameworks */,
				9F619C092DD4E7E000D068BD /* Resources */,
			);
			buildRules = (
			);
			dependencies = (
			);
			fileSystemSynchronizedGroups = (
				9F619C0C2DD4E7E000D068BD /* Share */,
			);
			name = Share;
			packageProductDependencies = (
			);
			productName = Share;
			productReference = 9F619C0B2DD4E7E000D068BD /* Share.appex */;
			productType = "com.apple.product-type.app-extension";
		};
		9F63BE082DC2785800A09138 /* SaveInfo */ = {
			isa = PBXNativeTarget;
			buildConfigurationList = 9F63BE172DC2785A00A09138 /* Build configuration list for PBXNativeTarget "SaveInfo" */;
			buildPhases = (
				9F63BE052DC2785800A09138 /* Sources */,
				9F63BE062DC2785800A09138 /* Frameworks */,
				9F63BE072DC2785800A09138 /* Resources */,
				9F619C162DD4E7E000D068BD /* Embed Foundation Extensions */,
			);
			buildRules = (
			);
			dependencies = (
				9F619C142DD4E7E000D068BD /* PBXTargetDependency */,
			);
			fileSystemSynchronizedGroups = (
				9F619C232DD5490200D068BD /* ViewModels */,
				9F63BE0B2DC2785800A09138 /* SaveInfo */,
			);
			name = SaveInfo;
			packageProductDependencies = (
			);
			productName = SaveInfoLayoutAppDemo;
			productReference = 9F63BE092DC2785800A09138 /* SaveInfo.app */;
			productType = "com.apple.product-type.application";
		};
/* End PBXNativeTarget section */

/* Begin PBXProject section */
		9F63BE012DC2785800A09138 /* Project object */ = {
			isa = PBXProject;
			attributes = {
				BuildIndependentTargetsInParallel = 1;
				LastSwiftUpdateCheck = 1620;
				LastUpgradeCheck = 1620;
				TargetAttributes = {
					9F619C0A2DD4E7E000D068BD = {
						CreatedOnToolsVersion = 16.2;
					};
					9F63BE082DC2785800A09138 = {
						CreatedOnToolsVersion = 16.2;
					};
				};
			};
			buildConfigurationList = 9F63BE042DC2785800A09138 /* Build configuration list for PBXProject "SaveInfo" */;
			developmentRegion = en;
			hasScannedForEncodings = 0;
			knownRegions = (
				en,
				Base,
			);
			mainGroup = 9F63BE002DC2785800A09138;
			minimizedProjectReferenceProxies = 1;
			preferredProjectObjectVersion = 77;
			productRefGroup = 9F63BE0A2DC2785800A09138 /* Products */;
			projectDirPath = "";
			projectRoot = "";
			targets = (
				9F63BE082DC2785800A09138 /* SaveInfo */,
				9F619C0A2DD4E7E000D068BD /* Share */,
			);
		};
/* End PBXProject section */

/* Begin PBXResourcesBuildPhase section */
		9F619C092DD4E7E000D068BD /* Resources */ = {
			isa = PBXResourcesBuildPhase;
			buildActionMask = 2147483647;
			files = (
			);
			runOnlyForDeploymentPostprocessing = 0;
		};
		9F63BE072DC2785800A09138 /* Resources */ = {
			isa = PBXResourcesBuildPhase;
			buildActionMask = 2147483647;
			files = (
			);
			runOnlyForDeploymentPostprocessing = 0;
		};
/* End PBXResourcesBuildPhase section */

/* Begin PBXSourcesBuildPhase section */
		9F619C072DD4E7E000D068BD /* Sources */ = {
			isa = PBXSourcesBuildPhase;
			buildActionMask = 2147483647;
			files = (
			);
			runOnlyForDeploymentPostprocessing = 0;
		};
		9F63BE052DC2785800A09138 /* Sources */ = {
			isa = PBXSourcesBuildPhase;
			buildActionMask = 2147483647;
			files = (
			);
			runOnlyForDeploymentPostprocessing = 0;
		};
/* End PBXSourcesBuildPhase section */

/* Begin PBXTargetDependency section */
		9F619C142DD4E7E000D068BD /* PBXTargetDependency */ = {
			isa = PBXTargetDependency;
			target = 9F619C0A2DD4E7E000D068BD /* Share */;
			targetProxy = 9F619C132DD4E7E000D068BD /* PBXContainerItemProxy */;
		};
/* End PBXTargetDependency section */

/* Begin XCBuildConfiguration section */
		9F619C172DD4E7E000D068BD /* Debug */ = {
			isa = XCBuildConfiguration;
			buildSettings = {
				CODE_SIGN_STYLE = Automatic;
				CURRENT_PROJECT_VERSION = 1;
				DEVELOPMENT_TEAM = VN2RLNZA3K;
				GENERATE_INFOPLIST_FILE = YES;
				INFOPLIST_FILE = Share/Info.plist;
				INFOPLIST_KEY_CFBundleDisplayName = SnapSort;
				INFOPLIST_KEY_NSHumanReadableCopyright = "";
				IPHONEOS_DEPLOYMENT_TARGET = 18.0;
				LD_RUNPATH_SEARCH_PATHS = (
					"$(inherited)",
					"@executable_path/Frameworks",
					"@executable_path/../../Frameworks",
				);
				MARKETING_VERSION = 1.0;
				PRODUCT_BUNDLE_IDENTIFIER = com.vzazulin.SaveInfo.Share;
				PRODUCT_NAME = "$(TARGET_NAME)";
				SKIP_INSTALL = YES;
				SWIFT_EMIT_LOC_STRINGS = YES;
				SWIFT_VERSION = 5.0;
				TARGETED_DEVICE_FAMILY = "1,2";
			};
			name = Debug;
		};
		9F619C182DD4E7E000D068BD /* Release */ = {
			isa = XCBuildConfiguration;
			buildSettings = {
				CODE_SIGN_STYLE = Automatic;
				CURRENT_PROJECT_VERSION = 1;
				DEVELOPMENT_TEAM = VN2RLNZA3K;
				GENERATE_INFOPLIST_FILE = YES;
				INFOPLIST_FILE = Share/Info.plist;
				INFOPLIST_KEY_CFBundleDisplayName = SnapSort;
				INFOPLIST_KEY_NSHumanReadableCopyright = "";
				IPHONEOS_DEPLOYMENT_TARGET = 18.0;
				LD_RUNPATH_SEARCH_PATHS = (
					"$(inherited)",
					"@executable_path/Frameworks",
					"@executable_path/../../Frameworks",
				);
				MARKETING_VERSION = 1.0;
				PRODUCT_BUNDLE_IDENTIFIER = com.vzazulin.SaveInfo.Share;
				PRODUCT_NAME = "$(TARGET_NAME)";
				SKIP_INSTALL = YES;
				SWIFT_EMIT_LOC_STRINGS = YES;
				SWIFT_VERSION = 5.0;
				TARGETED_DEVICE_FAMILY = "1,2";
			};
			name = Release;
		};
		9F63BE152DC2785A00A09138 /* Debug */ = {
			isa = XCBuildConfiguration;
			buildSettings = {
				ALWAYS_SEARCH_USER_PATHS = NO;
				ASSETCATALOG_COMPILER_GENERATE_SWIFT_ASSET_SYMBOL_EXTENSIONS = YES;
				CLANG_ANALYZER_NONNULL = YES;
				CLANG_ANALYZER_NUMBER_OBJECT_CONVERSION = YES_AGGRESSIVE;
				CLANG_CXX_LANGUAGE_STANDARD = "gnu++20";
				CLANG_ENABLE_MODULES = YES;
				CLANG_ENABLE_OBJC_ARC = YES;
				CLANG_ENABLE_OBJC_WEAK = YES;
				CLANG_WARN_BLOCK_CAPTURE_AUTORELEASING = YES;
				CLANG_WARN_BOOL_CONVERSION = YES;
				CLANG_WARN_COMMA = YES;
				CLANG_WARN_CONSTANT_CONVERSION = YES;
				CLANG_WARN_DEPRECATED_OBJC_IMPLEMENTATIONS = YES;
				CLANG_WARN_DIRECT_OBJC_ISA_USAGE = YES_ERROR;
				CLANG_WARN_DOCUMENTATION_COMMENTS = YES;
				CLANG_WARN_EMPTY_BODY = YES;
				CLANG_WARN_ENUM_CONVERSION = YES;
				CLANG_WARN_INFINITE_RECURSION = YES;
				CLANG_WARN_INT_CONVERSION = YES;
				CLANG_WARN_NON_LITERAL_NULL_CONVERSION = YES;
				CLANG_WARN_OBJC_IMPLICIT_RETAIN_SELF = YES;
				CLANG_WARN_OBJC_LITERAL_CONVERSION = YES;
				CLANG_WARN_OBJC_ROOT_CLASS = YES_ERROR;
				CLANG_WARN_QUOTED_INCLUDE_IN_FRAMEWORK_HEADER = YES;
				CLANG_WARN_RANGE_LOOP_ANALYSIS = YES;
				CLANG_WARN_STRICT_PROTOTYPES = YES;
				CLANG_WARN_SUSPICIOUS_MOVE = YES;
				CLANG_WARN_UNGUARDED_AVAILABILITY = YES_AGGRESSIVE;
				CLANG_WARN_UNREACHABLE_CODE = YES;
				CLANG_WARN__DUPLICATE_METHOD_MATCH = YES;
				COPY_PHASE_STRIP = NO;
				DEBUG_INFORMATION_FORMAT = dwarf;
				ENABLE_STRICT_OBJC_MSGSEND = YES;
				ENABLE_TESTABILITY = YES;
				ENABLE_USER_SCRIPT_SANDBOXING = YES;
				GCC_C_LANGUAGE_STANDARD = gnu17;
				GCC_DYNAMIC_NO_PIC = NO;
				GCC_NO_COMMON_BLOCKS = YES;
				GCC_OPTIMIZATION_LEVEL = 0;
				GCC_PREPROCESSOR_DEFINITIONS = (
					"DEBUG=1",
					"$(inherited)",
				);
				GCC_WARN_64_TO_32_BIT_CONVERSION = YES;
				GCC_WARN_ABOUT_RETURN_TYPE = YES_ERROR;
				GCC_WARN_UNDECLARED_SELECTOR = YES;
				GCC_WARN_UNINITIALIZED_AUTOS = YES_AGGRESSIVE;
				GCC_WARN_UNUSED_FUNCTION = YES;
				GCC_WARN_UNUSED_VARIABLE = YES;
				IPHONEOS_DEPLOYMENT_TARGET = 18.0;
				LOCALIZATION_PREFERS_STRING_CATALOGS = YES;
				MTL_ENABLE_DEBUG_INFO = INCLUDE_SOURCE;
				MTL_FAST_MATH = YES;
				ONLY_ACTIVE_ARCH = YES;
				SDKROOT = iphoneos;
				SWIFT_ACTIVE_COMPILATION_CONDITIONS = "DEBUG $(inherited)";
				SWIFT_OPTIMIZATION_LEVEL = "-Onone";
			};
			name = Debug;
		};
		9F63BE162DC2785A00A09138 /* Release */ = {
			isa = XCBuildConfiguration;
			buildSettings = {
				ALWAYS_SEARCH_USER_PATHS = NO;
				ASSETCATALOG_COMPILER_GENERATE_SWIFT_ASSET_SYMBOL_EXTENSIONS = YES;
				CLANG_ANALYZER_NONNULL = YES;
				CLANG_ANALYZER_NUMBER_OBJECT_CONVERSION = YES_AGGRESSIVE;
				CLANG_CXX_LANGUAGE_STANDARD = "gnu++20";
				CLANG_ENABLE_MODULES = YES;
				CLANG_ENABLE_OBJC_ARC = YES;
				CLANG_ENABLE_OBJC_WEAK = YES;
				CLANG_WARN_BLOCK_CAPTURE_AUTORELEASING = YES;
				CLANG_WARN_BOOL_CONVERSION = YES;
				CLANG_WARN_COMMA = YES;
				CLANG_WARN_CONSTANT_CONVERSION = YES;
				CLANG_WARN_DEPRECATED_OBJC_IMPLEMENTATIONS = YES;
				CLANG_WARN_DIRECT_OBJC_ISA_USAGE = YES_ERROR;
				CLANG_WARN_DOCUMENTATION_COMMENTS = YES;
				CLANG_WARN_EMPTY_BODY = YES;
				CLANG_WARN_ENUM_CONVERSION = YES;
				CLANG_WARN_INFINITE_RECURSION = YES;
				CLANG_WARN_INT_CONVERSION = YES;
				CLANG_WARN_NON_LITERAL_NULL_CONVERSION = YES;
				CLANG_WARN_OBJC_IMPLICIT_RETAIN_SELF = YES;
				CLANG_WARN_OBJC_LITERAL_CONVERSION = YES;
				CLANG_WARN_OBJC_ROOT_CLASS = YES_ERROR;
				CLANG_WARN_QUOTED_INCLUDE_IN_FRAMEWORK_HEADER = YES;
				CLANG_WARN_RANGE_LOOP_ANALYSIS = YES;
				CLANG_WARN_STRICT_PROTOTYPES = YES;
				CLANG_WARN_SUSPICIOUS_MOVE = YES;
				CLANG_WARN_UNGUARDED_AVAILABILITY = YES_AGGRESSIVE;
				CLANG_WARN_UNREACHABLE_CODE = YES;
				CLANG_WARN__DUPLICATE_METHOD_MATCH = YES;
				COPY_PHASE_STRIP = NO;
				DEBUG_INFORMATION_FORMAT = "dwarf-with-dsym";
				ENABLE_NS_ASSERTIONS = NO;
				ENABLE_STRICT_OBJC_MSGSEND = YES;
				ENABLE_USER_SCRIPT_SANDBOXING = YES;
				GCC_C_LANGUAGE_STANDARD = gnu17;
				GCC_NO_COMMON_BLOCKS = YES;
				GCC_WARN_64_TO_32_BIT_CONVERSION = YES;
				GCC_WARN_ABOUT_RETURN_TYPE = YES_ERROR;
				GCC_WARN_UNDECLARED_SELECTOR = YES;
				GCC_WARN_UNINITIALIZED_AUTOS = YES_AGGRESSIVE;
				GCC_WARN_UNUSED_FUNCTION = YES;
				GCC_WARN_UNUSED_VARIABLE = YES;
				IPHONEOS_DEPLOYMENT_TARGET = 18.0;
				LOCALIZATION_PREFERS_STRING_CATALOGS = YES;
				MTL_ENABLE_DEBUG_INFO = NO;
				MTL_FAST_MATH = YES;
				SDKROOT = iphoneos;
				SWIFT_COMPILATION_MODE = wholemodule;
				VALIDATE_PRODUCT = YES;
			};
			name = Release;
		};
		9F63BE182DC2785A00A09138 /* Debug */ = {
			isa = XCBuildConfiguration;
			buildSettings = {
				ASSETCATALOG_COMPILER_APPICON_NAME = AppIcon;
				ASSETCATALOG_COMPILER_GLOBAL_ACCENT_COLOR_NAME = AccentColor;
				CODE_SIGN_STYLE = Automatic;
				CURRENT_PROJECT_VERSION = 1;
				DEVELOPMENT_ASSET_PATHS = "\"SaveInfo/!Preview Content\"";
				DEVELOPMENT_TEAM = VN2RLNZA3K;
				ENABLE_PREVIEWS = YES;
				GENERATE_INFOPLIST_FILE = YES;
				INFOPLIST_KEY_CFBundleDisplayName = SnapSort;
				INFOPLIST_KEY_UIApplicationSceneManifest_Generation = YES;
				INFOPLIST_KEY_UIApplicationSupportsIndirectInputEvents = YES;
				INFOPLIST_KEY_UILaunchScreen_Generation = YES;
				INFOPLIST_KEY_UISupportedInterfaceOrientations_iPad = "UIInterfaceOrientationPortrait UIInterfaceOrientationPortraitUpsideDown UIInterfaceOrientationLandscapeLeft UIInterfaceOrientationLandscapeRight";
				INFOPLIST_KEY_UISupportedInterfaceOrientations_iPhone = "UIInterfaceOrientationPortrait UIInterfaceOrientationLandscapeLeft UIInterfaceOrientationLandscapeRight";
				IPHONEOS_DEPLOYMENT_TARGET = 18.0;
				LD_RUNPATH_SEARCH_PATHS = (
					"$(inherited)",
					"@executable_path/Frameworks",
				);
				MARKETING_VERSION = 1.0;
				PRODUCT_BUNDLE_IDENTIFIER = com.vzazulin.SaveInfo;
				PRODUCT_NAME = "$(TARGET_NAME)";
				SWIFT_EMIT_LOC_STRINGS = YES;
				SWIFT_VERSION = 5.0;
				TARGETED_DEVICE_FAMILY = "1,2";
			};
			name = Debug;
		};
		9F63BE192DC2785A00A09138 /* Release */ = {
			isa = XCBuildConfiguration;
			buildSettings = {
				ASSETCATALOG_COMPILER_APPICON_NAME = AppIcon;
				ASSETCATALOG_COMPILER_GLOBAL_ACCENT_COLOR_NAME = AccentColor;
				CODE_SIGN_STYLE = Automatic;
				CURRENT_PROJECT_VERSION = 1;
				DEVELOPMENT_ASSET_PATHS = "\"SaveInfo/!Preview Content\"";
				DEVELOPMENT_TEAM = VN2RLNZA3K;
				ENABLE_PREVIEWS = YES;
				GENERATE_INFOPLIST_FILE = YES;
				INFOPLIST_KEY_CFBundleDisplayName = SnapSort;
				INFOPLIST_KEY_UIApplicationSceneManifest_Generation = YES;
				INFOPLIST_KEY_UIApplicationSupportsIndirectInputEvents = YES;
				INFOPLIST_KEY_UILaunchScreen_Generation = YES;
				INFOPLIST_KEY_UISupportedInterfaceOrientations_iPad = "UIInterfaceOrientationPortrait UIInterfaceOrientationPortraitUpsideDown UIInterfaceOrientationLandscapeLeft UIInterfaceOrientationLandscapeRight";
				INFOPLIST_KEY_UISupportedInterfaceOrientations_iPhone = "UIInterfaceOrientationPortrait UIInterfaceOrientationLandscapeLeft UIInterfaceOrientationLandscapeRight";
				IPHONEOS_DEPLOYMENT_TARGET = 18.0;
				LD_RUNPATH_SEARCH_PATHS = (
					"$(inherited)",
					"@executable_path/Frameworks",
				);
				MARKETING_VERSION = 1.0;
				PRODUCT_BUNDLE_IDENTIFIER = com.vzazulin.SaveInfo;
				PRODUCT_NAME = "$(TARGET_NAME)";
				SWIFT_EMIT_LOC_STRINGS = YES;
				SWIFT_VERSION = 5.0;
				TARGETED_DEVICE_FAMILY = "1,2";
			};
			name = Release;
		};
/* End XCBuildConfiguration section */

/* Begin XCConfigurationList section */
		9F619C1A2DD4E7E000D068BD /* Build configuration list for PBXNativeTarget "Share" */ = {
			isa = XCConfigurationList;
			buildConfigurations = (
				9F619C172DD4E7E000D068BD /* Debug */,
				9F619C182DD4E7E000D068BD /* Release */,
			);
			defaultConfigurationIsVisible = 0;
			defaultConfigurationName = Release;
		};
		9F63BE042DC2785800A09138 /* Build configuration list for PBXProject "SaveInfo" */ = {
			isa = XCConfigurationList;
			buildConfigurations = (
				9F63BE152DC2785A00A09138 /* Debug */,
				9F63BE162DC2785A00A09138 /* Release */,
			);
			defaultConfigurationIsVisible = 0;
			defaultConfigurationName = Release;
		};
		9F63BE172DC2785A00A09138 /* Build configuration list for PBXNativeTarget "SaveInfo" */ = {
			isa = XCConfigurationList;
			buildConfigurations = (
				9F63BE182DC2785A00A09138 /* Debug */,
				9F63BE192DC2785A00A09138 /* Release */,
			);
			defaultConfigurationIsVisible = 0;
			defaultConfigurationName = Release;
		};
/* End XCConfigurationList section */
	};
	rootObject = 9F63BE012DC2785800A09138 /* Project object */;
}
